// !$*UTF8*$!
{
	archiveVersion = 1;
	classes = {
	};
	objectVersion = 77;
	objects = {

/* Begin PBXContainerItemProxy section */
		5B2A15832CEC827D0048B631 /* PBXContainerItemProxy */ = {
			isa = PBXContainerItemProxy;
			containerPortal = 5B2A156A2CEC827B0048B631 /* Project object */;
			proxyType = 1;
			remoteGlobalIDString = 5B2A15712CEC827B0048B631;
			remoteInfo = 01157039HW3;
		};
		5B2A158D2CEC827D0048B631 /* PBXContainerItemProxy */ = {
			isa = PBXContainerItemProxy;
			containerPortal = 5B2A156A2CEC827B0048B631 /* Project object */;
			proxyType = 1;
			remoteGlobalIDString = 5B2A15712CEC827B0048B631;
			remoteInfo = 01157039HW3;
		};
/* End PBXContainerItemProxy section */

/* Begin PBXFileReference section */
		5B2A15722CEC827B0048B631 /* 01157039HW3.app */ = {isa = PBXFileReference; explicitFileType = wrapper.application; includeInIndex = 0; path = 01157039HW3.app; sourceTree = BUILT_PRODUCTS_DIR; };
		5B2A15822CEC827D0048B631 /* 01157039HW3Tests.xctest */ = {isa = PBXFileReference; explicitFileType = wrapper.cfbundle; includeInIndex = 0; path = 01157039HW3Tests.xctest; sourceTree = BUILT_PRODUCTS_DIR; };
		5B2A158C2CEC827D0048B631 /* 01157039HW3UITests.xctest */ = {isa = PBXFileReference; explicitFileType = wrapper.cfbundle; includeInIndex = 0; path = 01157039HW3UITests.xctest; sourceTree = BUILT_PRODUCTS_DIR; };
/* End PBXFileReference section */

/* Begin PBXFileSystemSynchronizedRootGroup section */
		5B2A15742CEC827B0048B631 /* 01157039HW3 */ = {
			isa = PBXFileSystemSynchronizedRootGroup;
			path = 01157039HW3;
			sourceTree = "<group>";
		};
		5B2A15852CEC827D0048B631 /* 01157039HW3Tests */ = {
			isa = PBXFileSystemSynchronizedRootGroup;
			path = 01157039HW3Tests;
			sourceTree = "<group>";
		};
		5B2A158F2CEC827D0048B631 /* 01157039HW3UITests */ = {
			isa = PBXFileSystemSynchronizedRootGroup;
			path = 01157039HW3UITests;
			sourceTree = "<group>";
		};
/* End PBXFileSystemSynchronizedRootGroup section */

/* Begin PBXFrameworksBuildPhase section */
		5B2A156F2CEC827B0048B631 /* Frameworks */ = {
			isa = PBXFrameworksBuildPhase;
			buildActionMask = 2147483647;
			files = (
			);
			runOnlyForDeploymentPostprocessing = 0;
		};
		5B2A157F2CEC827D0048B631 /* Frameworks */ = {
			isa = PBXFrameworksBuildPhase;
			buildActionMask = 2147483647;
			files = (
			);
			runOnlyForDeploymentPostprocessing = 0;
		};
		5B2A15892CEC827D0048B631 /* Frameworks */ = {
			isa = PBXFrameworksBuildPhase;
			buildActionMask = 2147483647;
			files = (
			);
			runOnlyForDeploymentPostprocessing = 0;
		};
/* End PBXFrameworksBuildPhase section */

/* Begin PBXGroup section */
		5B2A15692CEC827B0048B631 = {
			isa = PBXGroup;
			children = (
				5B2A15742CEC827B0048B631 /* 01157039HW3 */,
				5B2A15852CEC827D0048B631 /* 01157039HW3Tests */,
				5B2A158F2CEC827D0048B631 /* 01157039HW3UITests */,
				5B2A15732CEC827B0048B631 /* Products */,
			);
			sourceTree = "<group>";
		};
		5B2A15732CEC827B0048B631 /* Products */ = {
			isa = PBXGroup;
			children = (
				5B2A15722CEC827B0048B631 /* 01157039HW3.app */,
				5B2A15822CEC827D0048B631 /* 01157039HW3Tests.xctest */,
				5B2A158C2CEC827D0048B631 /* 01157039HW3UITests.xctest */,
			);
			name = Products;
			sourceTree = "<group>";
		};
/* End PBXGroup section */

/* Begin PBXNativeTarget section */
		5B2A15712CEC827B0048B631 /* 01157039HW3 */ = {
			isa = PBXNativeTarget;
			buildConfigurationList = 5B2A15962CEC827D0048B631 /* Build configuration list for PBXNativeTarget "01157039HW3" */;
			buildPhases = (
				5B2A156E2CEC827B0048B631 /* Sources */,
				5B2A156F2CEC827B0048B631 /* Frameworks */,
				5B2A15702CEC827B0048B631 /* Resources */,
			);
			buildRules = (
			);
			dependencies = (
			);
			fileSystemSynchronizedGroups = (
				5B2A15742CEC827B0048B631 /* 01157039HW3 */,
			);
			name = 01157039HW3;
			packageProductDependencies = (
			);
			productName = 01157039HW3;
			productReference = 5B2A15722CEC827B0048B631 /* 01157039HW3.app */;
			productType = "com.apple.product-type.application";
		};
		5B2A15812CEC827D0048B631 /* 01157039HW3Tests */ = {
			isa = PBXNativeTarget;
			buildConfigurationList = 5B2A15992CEC827D0048B631 /* Build configuration list for PBXNativeTarget "01157039HW3Tests" */;
			buildPhases = (
				5B2A157E2CEC827D0048B631 /* Sources */,
				5B2A157F2CEC827D0048B631 /* Frameworks */,
				5B2A15802CEC827D0048B631 /* Resources */,
			);
			buildRules = (
			);
			dependencies = (
				5B2A15842CEC827D0048B631 /* PBXTargetDependency */,
			);
			fileSystemSynchronizedGroups = (
				5B2A15852CEC827D0048B631 /* 01157039HW3Tests */,
			);
			name = 01157039HW3Tests;
			packageProductDependencies = (
			);
			productName = 01157039HW3Tests;
			productReference = 5B2A15822CEC827D0048B631 /* 01157039HW3Tests.xctest */;
			productType = "com.apple.product-type.bundle.unit-test";
		};
		5B2A158B2CEC827D0048B631 /* 01157039HW3UITests */ = {
			isa = PBXNativeTarget;
			buildConfigurationList = 5B2A159C2CEC827D0048B631 /* Build configuration list for PBXNativeTarget "01157039HW3UITests" */;
			buildPhases = (
				5B2A15882CEC827D0048B631 /* Sources */,
				5B2A15892CEC827D0048B631 /* Frameworks */,
				5B2A158A2CEC827D0048B631 /* Resources */,
			);
			buildRules = (
			);
			dependencies = (
				5B2A158E2CEC827D0048B631 /* PBXTargetDependency */,
			);
			fileSystemSynchronizedGroups = (
				5B2A158F2CEC827D0048B631 /* 01157039HW3UITests */,
			);
			name = 01157039HW3UITests;
			packageProductDependencies = (
			);
			productName = 01157039HW3UITests;
			productReference = 5B2A158C2CEC827D0048B631 /* 01157039HW3UITests.xctest */;
			productType = "com.apple.product-type.bundle.ui-testing";
		};
/* End PBXNativeTarget section */

/* Begin PBXProject section */
		5B2A156A2CEC827B0048B631 /* Project object */ = {
			isa = PBXProject;
			attributes = {
				BuildIndependentTargetsInParallel = 1;
				LastSwiftUpdateCheck = 1600;
				LastUpgradeCheck = 1600;
				TargetAttributes = {
					5B2A15712CEC827B0048B631 = {
						CreatedOnToolsVersion = 16.0;
					};
					5B2A15812CEC827D0048B631 = {
						CreatedOnToolsVersion = 16.0;
						TestTargetID = 5B2A15712CEC827B0048B631;
					};
					5B2A158B2CEC827D0048B631 = {
						CreatedOnToolsVersion = 16.0;
						TestTargetID = 5B2A15712CEC827B0048B631;
					};
				};
			};
			buildConfigurationList = 5B2A156D2CEC827B0048B631 /* Build configuration list for PBXProject "01157039HW3" */;
			developmentRegion = en;
			hasScannedForEncodings = 0;
			knownRegions = (
				en,
				Base,
			);
			mainGroup = 5B2A15692CEC827B0048B631;
			minimizedProjectReferenceProxies = 1;
			preferredProjectObjectVersion = 77;
			productRefGroup = 5B2A15732CEC827B0048B631 /* Products */;
			projectDirPath = "";
			projectRoot = "";
			targets = (
				5B2A15712CEC827B0048B631 /* 01157039HW3 */,
				5B2A15812CEC827D0048B631 /* 01157039HW3Tests */,
				5B2A158B2CEC827D0048B631 /* 01157039HW3UITests */,
			);
		};
/* End PBXProject section */

/* Begin PBXResourcesBuildPhase section */
		5B2A15702CEC827B0048B631 /* Resources */ = {
			isa = PBXResourcesBuildPhase;
			buildActionMask = 2147483647;
			files = (
			);
			runOnlyForDeploymentPostprocessing = 0;
		};
		5B2A15802CEC827D0048B631 /* Resources */ = {
			isa = PBXResourcesBuildPhase;
			buildActionMask = 2147483647;
			files = (
			);
			runOnlyForDeploymentPostprocessing = 0;
		};
		5B2A158A2CEC827D0048B631 /* Resources */ = {
			isa = PBXResourcesBuildPhase;
			buildActionMask = 2147483647;
			files = (
			);
			runOnlyForDeploymentPostprocessing = 0;
		};
/* End PBXResourcesBuildPhase section */

/* Begin PBXSourcesBuildPhase section */
		5B2A156E2CEC827B0048B631 /* Sources */ = {
			isa = PBXSourcesBuildPhase;
			buildActionMask = 2147483647;
			files = (
			);
			runOnlyForDeploymentPostprocessing = 0;
		};
		5B2A157E2CEC827D0048B631 /* Sources */ = {
			isa = PBXSourcesBuildPhase;
			buildActionMask = 2147483647;
			files = (
			);
			runOnlyForDeploymentPostprocessing = 0;
		};
		5B2A15882CEC827D0048B631 /* Sources */ = {
			isa = PBXSourcesBuildPhase;
			buildActionMask = 2147483647;
			files = (
			);
			runOnlyForDeploymentPostprocessing = 0;
		};
/* End PBXSourcesBuildPhase section */

/* Begin PBXTargetDependency section */
		5B2A15842CEC827D0048B631 /* PBXTargetDependency */ = {
			isa = PBXTargetDependency;
			target = 5B2A15712CEC827B0048B631 /* 01157039HW3 */;
			targetProxy = 5B2A15832CEC827D0048B631 /* PBXContainerItemProxy */;
		};
		5B2A158E2CEC827D0048B631 /* PBXTargetDependency */ = {
			isa = PBXTargetDependency;
			target = 5B2A15712CEC827B0048B631 /* 01157039HW3 */;
			targetProxy = 5B2A158D2CEC827D0048B631 /* PBXContainerItemProxy */;
		};
/* End PBXTargetDependency section */

/* Begin XCBuildConfiguration section */
		5B2A15942CEC827D0048B631 /* Debug */ = {
			isa = XCBuildConfiguration;
			buildSettings = {
				ALWAYS_SEARCH_USER_PATHS = NO;
				ASSETCATALOG_COMPILER_GENERATE_SWIFT_ASSET_SYMBOL_EXTENSIONS = YES;
				CLANG_ANALYZER_NONNULL = YES;
				CLANG_ANALYZER_NUMBER_OBJECT_CONVERSION = YES_AGGRESSIVE;
				CLANG_CXX_LANGUAGE_STANDARD = "gnu++20";
				CLANG_ENABLE_MODULES = YES;
				CLANG_ENABLE_OBJC_ARC = YES;
				CLANG_ENABLE_OBJC_WEAK = YES;
				CLANG_WARN_BLOCK_CAPTURE_AUTORELEASING = YES;
				CLANG_WARN_BOOL_CONVERSION = YES;
				CLANG_WARN_COMMA = YES;
				CLANG_WARN_CONSTANT_CONVERSION = YES;
				CLANG_WARN_DEPRECATED_OBJC_IMPLEMENTATIONS = YES;
				CLANG_WARN_DIRECT_OBJC_ISA_USAGE = YES_ERROR;
				CLANG_WARN_DOCUMENTATION_COMMENTS = YES;
				CLANG_WARN_EMPTY_BODY = YES;
				CLANG_WARN_ENUM_CONVERSION = YES;
				CLANG_WARN_INFINITE_RECURSION = YES;
				CLANG_WARN_INT_CONVERSION = YES;
				CLANG_WARN_NON_LITERAL_NULL_CONVERSION = YES;
				CLANG_WARN_OBJC_IMPLICIT_RETAIN_SELF = YES;
				CLANG_WARN_OBJC_LITERAL_CONVERSION = YES;
				CLANG_WARN_OBJC_ROOT_CLASS = YES_ERROR;
				CLANG_WARN_QUOTED_INCLUDE_IN_FRAMEWORK_HEADER = YES;
				CLANG_WARN_RANGE_LOOP_ANALYSIS = YES;
				CLANG_WARN_STRICT_PROTOTYPES = YES;
				CLANG_WARN_SUSPICIOUS_MOVE = YES;
				CLANG_WARN_UNGUARDED_AVAILABILITY = YES_AGGRESSIVE;
				CLANG_WARN_UNREACHABLE_CODE = YES;
				CLANG_WARN__DUPLICATE_METHOD_MATCH = YES;
				COPY_PHASE_STRIP = NO;
				DEBUG_INFORMATION_FORMAT = dwarf;
				ENABLE_STRICT_OBJC_MSGSEND = YES;
				ENABLE_TESTABILITY = YES;
				ENABLE_USER_SCRIPT_SANDBOXING = YES;
				GCC_C_LANGUAGE_STANDARD = gnu17;
				GCC_DYNAMIC_NO_PIC = NO;
				GCC_NO_COMMON_BLOCKS = YES;
				GCC_OPTIMIZATION_LEVEL = 0;
				GCC_PREPROCESSOR_DEFINITIONS = (
					"DEBUG=1",
					"$(inherited)",
				);
				GCC_WARN_64_TO_32_BIT_CONVERSION = YES;
				GCC_WARN_ABOUT_RETURN_TYPE = YES_ERROR;
				GCC_WARN_UNDECLARED_SELECTOR = YES;
				GCC_WARN_UNINITIALIZED_AUTOS = YES_AGGRESSIVE;
				GCC_WARN_UNUSED_FUNCTION = YES;
				GCC_WARN_UNUSED_VARIABLE = YES;
				IPHONEOS_DEPLOYMENT_TARGET = 18.0;
				LOCALIZATION_PREFERS_STRING_CATALOGS = YES;
				MTL_ENABLE_DEBUG_INFO = INCLUDE_SOURCE;
				MTL_FAST_MATH = YES;
				ONLY_ACTIVE_ARCH = YES;
				SDKROOT = iphoneos;
				SWIFT_ACTIVE_COMPILATION_CONDITIONS = "DEBUG $(inherited)";
				SWIFT_OPTIMIZATION_LEVEL = "-Onone";
			};
			name = Debug;
		};
		5B2A15952CEC827D0048B631 /* Release */ = {
			isa = XCBuildConfiguration;
			buildSettings = {
				ALWAYS_SEARCH_USER_PATHS = NO;
				ASSETCATALOG_COMPILER_GENERATE_SWIFT_ASSET_SYMBOL_EXTENSIONS = YES;
				CLANG_ANALYZER_NONNULL = YES;
				CLANG_ANALYZER_NUMBER_OBJECT_CONVERSION = YES_AGGRESSIVE;
				CLANG_CXX_LANGUAGE_STANDARD = "gnu++20";
				CLANG_ENABLE_MODULES = YES;
				CLANG_ENABLE_OBJC_ARC = YES;
				CLANG_ENABLE_OBJC_WEAK = YES;
				CLANG_WARN_BLOCK_CAPTURE_AUTORELEASING = YES;
				CLANG_WARN_BOOL_CONVERSION = YES;
				CLANG_WARN_COMMA = YES;
				CLANG_WARN_CONSTANT_CONVERSION = YES;
				CLANG_WARN_DEPRECATED_OBJC_IMPLEMENTATIONS = YES;
				CLANG_WARN_DIRECT_OBJC_ISA_USAGE = YES_ERROR;
				CLANG_WARN_DOCUMENTATION_COMMENTS = YES;
				CLANG_WARN_EMPTY_BODY = YES;
				CLANG_WARN_ENUM_CONVERSION = YES;
				CLANG_WARN_INFINITE_RECURSION = YES;
				CLANG_WARN_INT_CONVERSION = YES;
				CLANG_WARN_NON_LITERAL_NULL_CONVERSION = YES;
				CLANG_WARN_OBJC_IMPLICIT_RETAIN_SELF = YES;
				CLANG_WARN_OBJC_LITERAL_CONVERSION = YES;
				CLANG_WARN_OBJC_ROOT_CLASS = YES_ERROR;
				CLANG_WARN_QUOTED_INCLUDE_IN_FRAMEWORK_HEADER = YES;
				CLANG_WARN_RANGE_LOOP_ANALYSIS = YES;
				CLANG_WARN_STRICT_PROTOTYPES = YES;
				CLANG_WARN_SUSPICIOUS_MOVE = YES;
				CLANG_WARN_UNGUARDED_AVAILABILITY = YES_AGGRESSIVE;
				CLANG_WARN_UNREACHABLE_CODE = YES;
				CLANG_WARN__DUPLICATE_METHOD_MATCH = YES;
				COPY_PHASE_STRIP = NO;
				DEBUG_INFORMATION_FORMAT = "dwarf-with-dsym";
				ENABLE_NS_ASSERTIONS = NO;
				ENABLE_STRICT_OBJC_MSGSEND = YES;
				ENABLE_USER_SCRIPT_SANDBOXING = YES;
				GCC_C_LANGUAGE_STANDARD = gnu17;
				GCC_NO_COMMON_BLOCKS = YES;
				GCC_WARN_64_TO_32_BIT_CONVERSION = YES;
				GCC_WARN_ABOUT_RETURN_TYPE = YES_ERROR;
				GCC_WARN_UNDECLARED_SELECTOR = YES;
				GCC_WARN_UNINITIALIZED_AUTOS = YES_AGGRESSIVE;
				GCC_WARN_UNUSED_FUNCTION = YES;
				GCC_WARN_UNUSED_VARIABLE = YES;
				IPHONEOS_DEPLOYMENT_TARGET = 18.0;
				LOCALIZATION_PREFERS_STRING_CATALOGS = YES;
				MTL_ENABLE_DEBUG_INFO = NO;
				MTL_FAST_MATH = YES;
				SDKROOT = iphoneos;
				SWIFT_COMPILATION_MODE = wholemodule;
				VALIDATE_PRODUCT = YES;
			};
			name = Release;
		};
		5B2A15972CEC827D0048B631 /* Debug */ = {
			isa = XCBuildConfiguration;
			buildSettings = {
				ASSETCATALOG_COMPILER_APPICON_NAME = AppIcon;
				ASSETCATALOG_COMPILER_GLOBAL_ACCENT_COLOR_NAME = AccentColor;
				CODE_SIGN_STYLE = Automatic;
				CURRENT_PROJECT_VERSION = 1;
				DEVELOPMENT_ASSET_PATHS = "\"01157039HW3/Preview Content\"";
				ENABLE_PREVIEWS = YES;
				GENERATE_INFOPLIST_FILE = YES;
				INFOPLIST_KEY_UIApplicationSceneManifest_Generation = YES;
				INFOPLIST_KEY_UIApplicationSupportsIndirectInputEvents = YES;
				INFOPLIST_KEY_UILaunchScreen_Generation = YES;
				INFOPLIST_KEY_UISupportedInterfaceOrientations_iPad = "UIInterfaceOrientationPortrait UIInterfaceOrientationPortraitUpsideDown UIInterfaceOrientationLandscapeLeft UIInterfaceOrientationLandscapeRight";
				INFOPLIST_KEY_UISupportedInterfaceOrientations_iPhone = "UIInterfaceOrientationPortrait UIInterfaceOrientationLandscapeLeft UIInterfaceOrientationLandscapeRight";
				LD_RUNPATH_SEARCH_PATHS = (
					"$(inherited)",
					"@executable_path/Frameworks",
				);
				MARKETING_VERSION = 1.0;
				PRODUCT_BUNDLE_IDENTIFIER = "com.wcy.-1157039HW3";
				PRODUCT_NAME = "$(TARGET_NAME)";
				SWIFT_EMIT_LOC_STRINGS = YES;
				SWIFT_VERSION = 5.0;
				TARGETED_DEVICE_FAMILY = "1,2";
			};
			name = Debug;
		};
		5B2A15982CEC827D0048B631 /* Release */ = {
			isa = XCBuildConfiguration;
			buildSettings = {
				ASSETCATALOG_COMPILER_APPICON_NAME = AppIcon;
				ASSETCATALOG_COMPILER_GLOBAL_ACCENT_COLOR_NAME = AccentColor;
				CODE_SIGN_STYLE = Automatic;
				CURRENT_PROJECT_VERSION = 1;
				DEVELOPMENT_ASSET_PATHS = "\"01157039HW3/Preview Content\"";
				ENABLE_PREVIEWS = YES;
				GENERATE_INFOPLIST_FILE = YES;
				INFOPLIST_KEY_UIApplicationSceneManifest_Generation = YES;
				INFOPLIST_KEY_UIApplicationSupportsIndirectInputEvents = YES;
				INFOPLIST_KEY_UILaunchScreen_Generation = YES;
				INFOPLIST_KEY_UISupportedInterfaceOrientations_iPad = "UIInterfaceOrientationPortrait UIInterfaceOrientationPortraitUpsideDown UIInterfaceOrientationLandscapeLeft UIInterfaceOrientationLandscapeRight";
				INFOPLIST_KEY_UISupportedInterfaceOrientations_iPhone = "UIInterfaceOrientationPortrait UIInterfaceOrientationLandscapeLeft UIInterfaceOrientationLandscapeRight";
				LD_RUNPATH_SEARCH_PATHS = (
					"$(inherited)",
					"@executable_path/Frameworks",
				);
				MARKETING_VERSION = 1.0;
				PRODUCT_BUNDLE_IDENTIFIER = "com.wcy.-1157039HW3";
				PRODUCT_NAME = "$(TARGET_NAME)";
				SWIFT_EMIT_LOC_STRINGS = YES;
				SWIFT_VERSION = 5.0;
				TARGETED_DEVICE_FAMILY = "1,2";
			};
			name = Release;
		};
		5B2A159A2CEC827D0048B631 /* Debug */ = {
			isa = XCBuildConfiguration;
			buildSettings = {
				BUNDLE_LOADER = "$(TEST_HOST)";
				CODE_SIGN_STYLE = Automatic;
				CURRENT_PROJECT_VERSION = 1;
				GENERATE_INFOPLIST_FILE = YES;
				IPHONEOS_DEPLOYMENT_TARGET = 18.0;
				MARKETING_VERSION = 1.0;
				PRODUCT_BUNDLE_IDENTIFIER = "com.wcy.-1157039HW3Tests";
				PRODUCT_NAME = "$(TARGET_NAME)";
				SWIFT_EMIT_LOC_STRINGS = NO;
				SWIFT_VERSION = 5.0;
				TARGETED_DEVICE_FAMILY = "1,2";
				TEST_HOST = "$(BUILT_PRODUCTS_DIR)/01157039HW3.app/$(BUNDLE_EXECUTABLE_FOLDER_PATH)/01157039HW3";
			};
			name = Debug;
		};
		5B2A159B2CEC827D0048B631 /* Release */ = {
			isa = XCBuildConfiguration;
			buildSettings = {
				BUNDLE_LOADER = "$(TEST_HOST)";
				CODE_SIGN_STYLE = Automatic;
				CURRENT_PROJECT_VERSION = 1;
				GENERATE_INFOPLIST_FILE = YES;
				IPHONEOS_DEPLOYMENT_TARGET = 18.0;
				MARKETING_VERSION = 1.0;
				PRODUCT_BUNDLE_IDENTIFIER = "com.wcy.-1157039HW3Tests";
				PRODUCT_NAME = "$(TARGET_NAME)";
				SWIFT_EMIT_LOC_STRINGS = NO;
				SWIFT_VERSION = 5.0;
				TARGETED_DEVICE_FAMILY = "1,2";
				TEST_HOST = "$(BUILT_PRODUCTS_DIR)/01157039HW3.app/$(BUNDLE_EXECUTABLE_FOLDER_PATH)/01157039HW3";
			};
			name = Release;
		};
		5B2A159D2CEC827D0048B631 /* Debug */ = {
			isa = XCBuildConfiguration;
			buildSettings = {
				CODE_SIGN_STYLE = Automatic;
				CURRENT_PROJECT_VERSION = 1;
				GENERATE_INFOPLIST_FILE = YES;
				MARKETING_VERSION = 1.0;
				PRODUCT_BUNDLE_IDENTIFIER = "com.wcy.-1157039HW3UITests";
				PRODUCT_NAME = "$(TARGET_NAME)";
				SWIFT_EMIT_LOC_STRINGS = NO;
				SWIFT_VERSION = 5.0;
				TARGETED_DEVICE_FAMILY = "1,2";
				TEST_TARGET_NAME = 01157039HW3;
			};
			name = Debug;
		};
		5B2A159E2CEC827D0048B631 /* Release */ = {
			isa = XCBuildConfiguration;
			buildSettings = {
				CODE_SIGN_STYLE = Automatic;
				CURRENT_PROJECT_VERSION = 1;
				GENERATE_INFOPLIST_FILE = YES;
				MARKETING_VERSION = 1.0;
				PRODUCT_BUNDLE_IDENTIFIER = "com.wcy.-1157039HW3UITests";
				PRODUCT_NAME = "$(TARGET_NAME)";
				SWIFT_EMIT_LOC_STRINGS = NO;
				SWIFT_VERSION = 5.0;
				TARGETED_DEVICE_FAMILY = "1,2";
				TEST_TARGET_NAME = 01157039HW3;
			};
			name = Release;
		};
/* End XCBuildConfiguration section */

/* Begin XCConfigurationList section */
		5B2A156D2CEC827B0048B631 /* Build configuration list for PBXProject "01157039HW3" */ = {
			isa = XCConfigurationList;
			buildConfigurations = (
				5B2A15942CEC827D0048B631 /* Debug */,
				5B2A15952CEC827D0048B631 /* Release */,
			);
			defaultConfigurationIsVisible = 0;
			defaultConfigurationName = Release;
		};
		5B2A15962CEC827D0048B631 /* Build configuration list for PBXNativeTarget "01157039HW3" */ = {
			isa = XCConfigurationList;
			buildConfigurations = (
				5B2A15972CEC827D0048B631 /* Debug */,
				5B2A15982CEC827D0048B631 /* Release */,
			);
			defaultConfigurationIsVisible = 0;
			defaultConfigurationName = Release;
		};
		5B2A15992CEC827D0048B631 /* Build configuration list for PBXNativeTarget "01157039HW3Tests" */ = {
			isa = XCConfigurationList;
			buildConfigurations = (
				5B2A159A2CEC827D0048B631 /* Debug */,
				5B2A159B2CEC827D0048B631 /* Release */,
			);
			defaultConfigurationIsVisible = 0;
			defaultConfigurationName = Release;
		};
		5B2A159C2CEC827D0048B631 /* Build configuration list for PBXNativeTarget "01157039HW3UITests" */ = {
			isa = XCConfigurationList;
			buildConfigurations = (
				5B2A159D2CEC827D0048B631 /* Debug */,
				5B2A159E2CEC827D0048B631 /* Release */,
			);
			defaultConfigurationIsVisible = 0;
			defaultConfigurationName = Release;
		};
/* End XCConfigurationList section */
	};
	rootObject = 5B2A156A2CEC827B0048B631 /* Project object */;
}
